// !$*UTF8*$!
{
	archiveVersion = 1;
	classes = {
	};
	objectVersion = 56;
	objects = {

/* Begin PBXBuildFile section */
		7B7430822B8A74BD00A82B3C /* cafeConnectApp.swift in Sources */ = {isa = PBXBuildFile; fileRef = 7B7430812B8A74BD00A82B3C /* cafeConnectApp.swift */; };
		7B7430842B8A74BD00A82B3C /* ContentView.swift in Sources */ = {isa = PBXBuildFile; fileRef = 7B7430832B8A74BD00A82B3C /* ContentView.swift */; };
		7B7430862B8A74BF00A82B3C /* Assets.xcassets in Resources */ = {isa = PBXBuildFile; fileRef = 7B7430852B8A74BF00A82B3C /* Assets.xcassets */; };
		7B7430892B8A74BF00A82B3C /* Preview Assets.xcassets in Resources */ = {isa = PBXBuildFile; fileRef = 7B7430882B8A74BF00A82B3C /* Preview Assets.xcassets */; };
		7B7430902B8A750C00A82B3C /* audioView.swift in Sources */ = {isa = PBXBuildFile; fileRef = 7B74308F2B8A750C00A82B3C /* audioView.swift */; };
		7B7430922B8A761800A82B3C /* likedYouAudio.swift in Sources */ = {isa = PBXBuildFile; fileRef = 7B7430912B8A761800A82B3C /* likedYouAudio.swift */; };
		7B74309B2B8A844F00A82B3C /* New-Recording-114.mp3 in Resources */ = {isa = PBXBuildFile; fileRef = 7B74309A2B8A844F00A82B3C /* New-Recording-114.mp3 */; };
		7B74309D2B8A857C00A82B3C /* PreviewContent.swift in Sources */ = {isa = PBXBuildFile; fileRef = 7B74309C2B8A857C00A82B3C /* PreviewContent.swift */; };
		7B74309F2B8A863F00A82B3C /* AudioViewModel.swift in Sources */ = {isa = PBXBuildFile; fileRef = 7B74309E2B8A863F00A82B3C /* AudioViewModel.swift */; };
		7B7430A22B8A86AD00A82B3C /* Profiles.swift in Sources */ = {isa = PBXBuildFile; fileRef = 7B7430A12B8A86AD00A82B3C /* Profiles.swift */; };
		7B7430A62B8A8B2E00A82B3C /* audioSoundView.swift in Sources */ = {isa = PBXBuildFile; fileRef = 7B7430A52B8A8B2E00A82B3C /* audioSoundView.swift */; };
		7B7430A92B8A8ECA00A82B3C /* user-response.mp3 in Resources */ = {isa = PBXBuildFile; fileRef = 7B7430A82B8A8ECA00A82B3C /* user-response.mp3 */; };
		7B7430AB2B8A902700A82B3C /* recruiterView.swift in Sources */ = {isa = PBXBuildFile; fileRef = 7B7430AA2B8A902700A82B3C /* recruiterView.swift */; };
		7B7430AD2B8A914400A82B3C /* profileView.swift in Sources */ = {isa = PBXBuildFile; fileRef = 7B7430AC2B8A914400A82B3C /* profileView.swift */; };
/* End PBXBuildFile section */

/* Begin PBXFileReference section */
		7B74307E2B8A74BD00A82B3C /* cafeConnect.app */ = {isa = PBXFileReference; explicitFileType = wrapper.application; includeInIndex = 0; path = cafeConnect.app; sourceTree = BUILT_PRODUCTS_DIR; };
		7B7430812B8A74BD00A82B3C /* cafeConnectApp.swift */ = {isa = PBXFileReference; lastKnownFileType = sourcecode.swift; path = cafeConnectApp.swift; sourceTree = "<group>"; };
		7B7430832B8A74BD00A82B3C /* ContentView.swift */ = {isa = PBXFileReference; lastKnownFileType = sourcecode.swift; path = ContentView.swift; sourceTree = "<group>"; };
		7B7430852B8A74BF00A82B3C /* Assets.xcassets */ = {isa = PBXFileReference; lastKnownFileType = folder.assetcatalog; path = Assets.xcassets; sourceTree = "<group>"; };
		7B7430882B8A74BF00A82B3C /* Preview Assets.xcassets */ = {isa = PBXFileReference; lastKnownFileType = folder.assetcatalog; path = "Preview Assets.xcassets"; sourceTree = "<group>"; };
		7B74308F2B8A750C00A82B3C /* audioView.swift */ = {isa = PBXFileReference; lastKnownFileType = sourcecode.swift; path = audioView.swift; sourceTree = "<group>"; };
		7B7430912B8A761800A82B3C /* likedYouAudio.swift */ = {isa = PBXFileReference; lastKnownFileType = sourcecode.swift; path = likedYouAudio.swift; sourceTree = "<group>"; };
		7B74309A2B8A844F00A82B3C /* New-Recording-114.mp3 */ = {isa = PBXFileReference; lastKnownFileType = audio.mp3; path = "New-Recording-114.mp3"; sourceTree = "<group>"; };
		7B74309C2B8A857C00A82B3C /* PreviewContent.swift */ = {isa = PBXFileReference; lastKnownFileType = sourcecode.swift; path = PreviewContent.swift; sourceTree = "<group>"; };
		7B74309E2B8A863F00A82B3C /* AudioViewModel.swift */ = {isa = PBXFileReference; lastKnownFileType = sourcecode.swift; path = AudioViewModel.swift; sourceTree = "<group>"; };
		7B7430A12B8A86AD00A82B3C /* Profiles.swift */ = {isa = PBXFileReference; lastKnownFileType = sourcecode.swift; path = Profiles.swift; sourceTree = "<group>"; };
		7B7430A52B8A8B2E00A82B3C /* audioSoundView.swift */ = {isa = PBXFileReference; lastKnownFileType = sourcecode.swift; path = audioSoundView.swift; sourceTree = "<group>"; };
		7B7430A82B8A8ECA00A82B3C /* user-response.mp3 */ = {isa = PBXFileReference; lastKnownFileType = audio.mp3; path = "user-response.mp3"; sourceTree = "<group>"; };
		7B7430AA2B8A902700A82B3C /* recruiterView.swift */ = {isa = PBXFileReference; lastKnownFileType = sourcecode.swift; path = recruiterView.swift; sourceTree = "<group>"; };
		7B7430AC2B8A914400A82B3C /* profileView.swift */ = {isa = PBXFileReference; lastKnownFileType = sourcecode.swift; path = profileView.swift; sourceTree = "<group>"; };
/* End PBXFileReference section */

/* Begin PBXFrameworksBuildPhase section */
		7B74307B2B8A74BD00A82B3C /* Frameworks */ = {
			isa = PBXFrameworksBuildPhase;
			buildActionMask = 2147483647;
			files = (
			);
			runOnlyForDeploymentPostprocessing = 0;
		};
/* End PBXFrameworksBuildPhase section */

/* Begin PBXGroup section */
		7B7430752B8A74BD00A82B3C = {
			isa = PBXGroup;
			children = (
				7B7430802B8A74BD00A82B3C /* cafeConnect */,
				7B74307F2B8A74BD00A82B3C /* Products */,
			);
			sourceTree = "<group>";
		};
		7B74307F2B8A74BD00A82B3C /* Products */ = {
			isa = PBXGroup;
			children = (
				7B74307E2B8A74BD00A82B3C /* cafeConnect.app */,
			);
			name = Products;
			sourceTree = "<group>";
		};
		7B7430802B8A74BD00A82B3C /* cafeConnect */ = {
			isa = PBXGroup;
			children = (
				7B7430812B8A74BD00A82B3C /* cafeConnectApp.swift */,
				7B74309C2B8A857C00A82B3C /* PreviewContent.swift */,
				7B7430832B8A74BD00A82B3C /* ContentView.swift */,
				7B7430932B8A78F600A82B3C /* Recruiter View */,
				7B7430852B8A74BF00A82B3C /* Assets.xcassets */,
				7B7430872B8A74BF00A82B3C /* Preview Content */,
			);
			path = cafeConnect;
			sourceTree = "<group>";
		};
		7B7430872B8A74BF00A82B3C /* Preview Content */ = {
			isa = PBXGroup;
			children = (
				7B7430882B8A74BF00A82B3C /* Preview Assets.xcassets */,
			);
			path = "Preview Content";
			sourceTree = "<group>";
		};
		7B7430932B8A78F600A82B3C /* Recruiter View */ = {
			isa = PBXGroup;
			children = (
				7B7430A72B8A8D1C00A82B3C /* Audio */,
				7B7430A12B8A86AD00A82B3C /* Profiles.swift */,
				7B74309A2B8A844F00A82B3C /* New-Recording-114.mp3 */,
				7B7430A82B8A8ECA00A82B3C /* user-response.mp3 */,
			);
			path = "Recruiter View";
			sourceTree = "<group>";
		};
		7B7430A72B8A8D1C00A82B3C /* Audio */ = {
			isa = PBXGroup;
			children = (
				7B74308F2B8A750C00A82B3C /* audioView.swift */,
				7B7430AC2B8A914400A82B3C /* profileView.swift */,
				7B7430AA2B8A902700A82B3C /* recruiterView.swift */,
				7B7430A52B8A8B2E00A82B3C /* audioSoundView.swift */,
				7B7430912B8A761800A82B3C /* likedYouAudio.swift */,
				7B74309E2B8A863F00A82B3C /* AudioViewModel.swift */,
			);
			path = Audio;
			sourceTree = "<group>";
		};
/* End PBXGroup section */

/* Begin PBXNativeTarget section */
		7B74307D2B8A74BD00A82B3C /* cafeConnect */ = {
			isa = PBXNativeTarget;
			buildConfigurationList = 7B74308C2B8A74BF00A82B3C /* Build configuration list for PBXNativeTarget "cafeConnect" */;
			buildPhases = (
				7B74307A2B8A74BD00A82B3C /* Sources */,
				7B74307B2B8A74BD00A82B3C /* Frameworks */,
				7B74307C2B8A74BD00A82B3C /* Resources */,
			);
			buildRules = (
			);
			dependencies = (
			);
			name = cafeConnect;
			productName = cafeConnect;
			productReference = 7B74307E2B8A74BD00A82B3C /* cafeConnect.app */;
			productType = "com.apple.product-type.application";
		};
/* End PBXNativeTarget section */

/* Begin PBXProject section */
		7B7430762B8A74BD00A82B3C /* Project object */ = {
			isa = PBXProject;
			attributes = {
				BuildIndependentTargetsInParallel = 1;
				LastSwiftUpdateCheck = 1520;
				LastUpgradeCheck = 1520;
				TargetAttributes = {
					7B74307D2B8A74BD00A82B3C = {
						CreatedOnToolsVersion = 15.2;
					};
				};
			};
			buildConfigurationList = 7B7430792B8A74BD00A82B3C /* Build configuration list for PBXProject "cafeConnect" */;
			compatibilityVersion = "Xcode 14.0";
			developmentRegion = en;
			hasScannedForEncodings = 0;
			knownRegions = (
				en,
				Base,
			);
			mainGroup = 7B7430752B8A74BD00A82B3C;
			productRefGroup = 7B74307F2B8A74BD00A82B3C /* Products */;
			projectDirPath = "";
			projectRoot = "";
			targets = (
				7B74307D2B8A74BD00A82B3C /* cafeConnect */,
			);
		};
/* End PBXProject section */

/* Begin PBXResourcesBuildPhase section */
		7B74307C2B8A74BD00A82B3C /* Resources */ = {
			isa = PBXResourcesBuildPhase;
			buildActionMask = 2147483647;
			files = (
				7B7430892B8A74BF00A82B3C /* Preview Assets.xcassets in Resources */,
				7B74309B2B8A844F00A82B3C /* New-Recording-114.mp3 in Resources */,
				7B7430A92B8A8ECA00A82B3C /* user-response.mp3 in Resources */,
				7B7430862B8A74BF00A82B3C /* Assets.xcassets in Resources */,
			);
			runOnlyForDeploymentPostprocessing = 0;
		};
/* End PBXResourcesBuildPhase section */

/* Begin PBXSourcesBuildPhase section */
		7B74307A2B8A74BD00A82B3C /* Sources */ = {
			isa = PBXSourcesBuildPhase;
			buildActionMask = 2147483647;
			files = (
				7B7430A62B8A8B2E00A82B3C /* audioSoundView.swift in Sources */,
				7B74309F2B8A863F00A82B3C /* AudioViewModel.swift in Sources */,
				7B7430842B8A74BD00A82B3C /* ContentView.swift in Sources */,
				7B74309D2B8A857C00A82B3C /* PreviewContent.swift in Sources */,
				7B7430902B8A750C00A82B3C /* audioView.swift in Sources */,
				7B7430A22B8A86AD00A82B3C /* Profiles.swift in Sources */,
				7B7430922B8A761800A82B3C /* likedYouAudio.swift in Sources */,
				7B7430AD2B8A914400A82B3C /* profileView.swift in Sources */,
				7B7430AB2B8A902700A82B3C /* recruiterView.swift in Sources */,
				7B7430822B8A74BD00A82B3C /* cafeConnectApp.swift in Sources */,
			);
			runOnlyForDeploymentPostprocessing = 0;
		};
/* End PBXSourcesBuildPhase section */

/* Begin XCBuildConfiguration section */
		7B74308A2B8A74BF00A82B3C /* Debug */ = {
			isa = XCBuildConfiguration;
			buildSettings = {
				ALWAYS_SEARCH_USER_PATHS = NO;
				ASSETCATALOG_COMPILER_GENERATE_SWIFT_ASSET_SYMBOL_EXTENSIONS = YES;
				CLANG_ANALYZER_NONNULL = YES;
				CLANG_ANALYZER_NUMBER_OBJECT_CONVERSION = YES_AGGRESSIVE;
				CLANG_CXX_LANGUAGE_STANDARD = "gnu++20";
				CLANG_ENABLE_MODULES = YES;
				CLANG_ENABLE_OBJC_ARC = YES;
				CLANG_ENABLE_OBJC_WEAK = YES;
				CLANG_WARN_BLOCK_CAPTURE_AUTORELEASING = YES;
				CLANG_WARN_BOOL_CONVERSION = YES;
				CLANG_WARN_COMMA = YES;
				CLANG_WARN_CONSTANT_CONVERSION = YES;
				CLANG_WARN_DEPRECATED_OBJC_IMPLEMENTATIONS = YES;
				CLANG_WARN_DIRECT_OBJC_ISA_USAGE = YES_ERROR;
				CLANG_WARN_DOCUMENTATION_COMMENTS = YES;
				CLANG_WARN_EMPTY_BODY = YES;
				CLANG_WARN_ENUM_CONVERSION = YES;
				CLANG_WARN_INFINITE_RECURSION = YES;
				CLANG_WARN_INT_CONVERSION = YES;
				CLANG_WARN_NON_LITERAL_NULL_CONVERSION = YES;
				CLANG_WARN_OBJC_IMPLICIT_RETAIN_SELF = YES;
				CLANG_WARN_OBJC_LITERAL_CONVERSION = YES;
				CLANG_WARN_OBJC_ROOT_CLASS = YES_ERROR;
				CLANG_WARN_QUOTED_INCLUDE_IN_FRAMEWORK_HEADER = YES;
				CLANG_WARN_RANGE_LOOP_ANALYSIS = YES;
				CLANG_WARN_STRICT_PROTOTYPES = YES;
				CLANG_WARN_SUSPICIOUS_MOVE = YES;
				CLANG_WARN_UNGUARDED_AVAILABILITY = YES_AGGRESSIVE;
				CLANG_WARN_UNREACHABLE_CODE = YES;
				CLANG_WARN__DUPLICATE_METHOD_MATCH = YES;
				COPY_PHASE_STRIP = NO;
				DEBUG_INFORMATION_FORMAT = dwarf;
				ENABLE_STRICT_OBJC_MSGSEND = YES;
				ENABLE_TESTABILITY = YES;
				ENABLE_USER_SCRIPT_SANDBOXING = YES;
				GCC_C_LANGUAGE_STANDARD = gnu17;
				GCC_DYNAMIC_NO_PIC = NO;
				GCC_NO_COMMON_BLOCKS = YES;
				GCC_OPTIMIZATION_LEVEL = 0;
				GCC_PREPROCESSOR_DEFINITIONS = (
					"DEBUG=1",
					"$(inherited)",
				);
				GCC_WARN_64_TO_32_BIT_CONVERSION = YES;
				GCC_WARN_ABOUT_RETURN_TYPE = YES_ERROR;
				GCC_WARN_UNDECLARED_SELECTOR = YES;
				GCC_WARN_UNINITIALIZED_AUTOS = YES_AGGRESSIVE;
				GCC_WARN_UNUSED_FUNCTION = YES;
				GCC_WARN_UNUSED_VARIABLE = YES;
				IPHONEOS_DEPLOYMENT_TARGET = 17.2;
				LOCALIZATION_PREFERS_STRING_CATALOGS = YES;
				MTL_ENABLE_DEBUG_INFO = INCLUDE_SOURCE;
				MTL_FAST_MATH = YES;
				ONLY_ACTIVE_ARCH = YES;
				SDKROOT = iphoneos;
				SWIFT_ACTIVE_COMPILATION_CONDITIONS = "DEBUG $(inherited)";
				SWIFT_OPTIMIZATION_LEVEL = "-Onone";
			};
			name = Debug;
		};
		7B74308B2B8A74BF00A82B3C /* Release */ = {
			isa = XCBuildConfiguration;
			buildSettings = {
				ALWAYS_SEARCH_USER_PATHS = NO;
				ASSETCATALOG_COMPILER_GENERATE_SWIFT_ASSET_SYMBOL_EXTENSIONS = YES;
				CLANG_ANALYZER_NONNULL = YES;
				CLANG_ANALYZER_NUMBER_OBJECT_CONVERSION = YES_AGGRESSIVE;
				CLANG_CXX_LANGUAGE_STANDARD = "gnu++20";
				CLANG_ENABLE_MODULES = YES;
				CLANG_ENABLE_OBJC_ARC = YES;
				CLANG_ENABLE_OBJC_WEAK = YES;
				CLANG_WARN_BLOCK_CAPTURE_AUTORELEASING = YES;
				CLANG_WARN_BOOL_CONVERSION = YES;
				CLANG_WARN_COMMA = YES;
				CLANG_WARN_CONSTANT_CONVERSION = YES;
				CLANG_WARN_DEPRECATED_OBJC_IMPLEMENTATIONS = YES;
				CLANG_WARN_DIRECT_OBJC_ISA_USAGE = YES_ERROR;
				CLANG_WARN_DOCUMENTATION_COMMENTS = YES;
				CLANG_WARN_EMPTY_BODY = YES;
				CLANG_WARN_ENUM_CONVERSION = YES;
				CLANG_WARN_INFINITE_RECURSION = YES;
				CLANG_WARN_INT_CONVERSION = YES;
				CLANG_WARN_NON_LITERAL_NULL_CONVERSION = YES;
				CLANG_WARN_OBJC_IMPLICIT_RETAIN_SELF = YES;
				CLANG_WARN_OBJC_LITERAL_CONVERSION = YES;
				CLANG_WARN_OBJC_ROOT_CLASS = YES_ERROR;
				CLANG_WARN_QUOTED_INCLUDE_IN_FRAMEWORK_HEADER = YES;
				CLANG_WARN_RANGE_LOOP_ANALYSIS = YES;
				CLANG_WARN_STRICT_PROTOTYPES = YES;
				CLANG_WARN_SUSPICIOUS_MOVE = YES;
				CLANG_WARN_UNGUARDED_AVAILABILITY = YES_AGGRESSIVE;
				CLANG_WARN_UNREACHABLE_CODE = YES;
				CLANG_WARN__DUPLICATE_METHOD_MATCH = YES;
				COPY_PHASE_STRIP = NO;
				DEBUG_INFORMATION_FORMAT = "dwarf-with-dsym";
				ENABLE_NS_ASSERTIONS = NO;
				ENABLE_STRICT_OBJC_MSGSEND = YES;
				ENABLE_USER_SCRIPT_SANDBOXING = YES;
				GCC_C_LANGUAGE_STANDARD = gnu17;
				GCC_NO_COMMON_BLOCKS = YES;
				GCC_WARN_64_TO_32_BIT_CONVERSION = YES;
				GCC_WARN_ABOUT_RETURN_TYPE = YES_ERROR;
				GCC_WARN_UNDECLARED_SELECTOR = YES;
				GCC_WARN_UNINITIALIZED_AUTOS = YES_AGGRESSIVE;
				GCC_WARN_UNUSED_FUNCTION = YES;
				GCC_WARN_UNUSED_VARIABLE = YES;
				IPHONEOS_DEPLOYMENT_TARGET = 17.2;
				LOCALIZATION_PREFERS_STRING_CATALOGS = YES;
				MTL_ENABLE_DEBUG_INFO = NO;
				MTL_FAST_MATH = YES;
				SDKROOT = iphoneos;
				SWIFT_COMPILATION_MODE = wholemodule;
				VALIDATE_PRODUCT = YES;
			};
			name = Release;
		};
		7B74308D2B8A74BF00A82B3C /* Debug */ = {
			isa = XCBuildConfiguration;
			buildSettings = {
				ASSETCATALOG_COMPILER_APPICON_NAME = AppIcon;
				ASSETCATALOG_COMPILER_GLOBAL_ACCENT_COLOR_NAME = AccentColor;
				CODE_SIGN_STYLE = Automatic;
				CURRENT_PROJECT_VERSION = 1;
				DEVELOPMENT_ASSET_PATHS = "\"cafeConnect/Preview Content\" \"/Users/elliekim/code/pearlhacks/cafeConnect/cafeConnect/cafeConnect/Preview Content\"";
				ENABLE_PREVIEWS = YES;
				GENERATE_INFOPLIST_FILE = YES;
				INFOPLIST_KEY_UIApplicationSceneManifest_Generation = YES;
				INFOPLIST_KEY_UIApplicationSupportsIndirectInputEvents = YES;
				INFOPLIST_KEY_UILaunchScreen_Generation = YES;
				INFOPLIST_KEY_UISupportedInterfaceOrientations_iPad = "UIInterfaceOrientationPortrait UIInterfaceOrientationPortraitUpsideDown UIInterfaceOrientationLandscapeLeft UIInterfaceOrientationLandscapeRight";
				INFOPLIST_KEY_UISupportedInterfaceOrientations_iPhone = "UIInterfaceOrientationPortrait UIInterfaceOrientationLandscapeLeft UIInterfaceOrientationLandscapeRight";
				LD_RUNPATH_SEARCH_PATHS = (
					"$(inherited)",
					"@executable_path/Frameworks",
				);
				MARKETING_VERSION = 1.0;
				PRODUCT_BUNDLE_IDENTIFIER = appteam.cafeConnect;
				PRODUCT_NAME = "$(TARGET_NAME)";
				SWIFT_EMIT_LOC_STRINGS = YES;
				SWIFT_VERSION = 5.0;
				TARGETED_DEVICE_FAMILY = 1;
			};
			name = Debug;
		};
		7B74308E2B8A74BF00A82B3C /* Release */ = {
			isa = XCBuildConfiguration;
			buildSettings = {
				ASSETCATALOG_COMPILER_APPICON_NAME = AppIcon;
				ASSETCATALOG_COMPILER_GLOBAL_ACCENT_COLOR_NAME = AccentColor;
				CODE_SIGN_STYLE = Automatic;
				CURRENT_PROJECT_VERSION = 1;
				DEVELOPMENT_ASSET_PATHS = "\"cafeConnect/Preview Content\" \"/Users/elliekim/code/pearlhacks/cafeConnect/cafeConnect/cafeConnect/Preview Content\" \"cafeConnect/cafeConnect/cafeConnect/Preview Content\"";
				ENABLE_PREVIEWS = YES;
				GENERATE_INFOPLIST_FILE = YES;
				INFOPLIST_KEY_UIApplicationSceneManifest_Generation = YES;
				INFOPLIST_KEY_UIApplicationSupportsIndirectInputEvents = YES;
				INFOPLIST_KEY_UILaunchScreen_Generation = YES;
				INFOPLIST_KEY_UISupportedInterfaceOrientations_iPad = "UIInterfaceOrientationPortrait UIInterfaceOrientationPortraitUpsideDown UIInterfaceOrientationLandscapeLeft UIInterfaceOrientationLandscapeRight";
				INFOPLIST_KEY_UISupportedInterfaceOrientations_iPhone = "UIInterfaceOrientationPortrait UIInterfaceOrientationLandscapeLeft UIInterfaceOrientationLandscapeRight";
				LD_RUNPATH_SEARCH_PATHS = (
					"$(inherited)",
					"@executable_path/Frameworks",
				);
				MARKETING_VERSION = 1.0;
				PRODUCT_BUNDLE_IDENTIFIER = appteam.cafeConnect;
				PRODUCT_NAME = "$(TARGET_NAME)";
				SWIFT_EMIT_LOC_STRINGS = YES;
				SWIFT_VERSION = 5.0;
				TARGETED_DEVICE_FAMILY = 1;
			};
			name = Release;
		};
/* End XCBuildConfiguration section */

/* Begin XCConfigurationList section */
		7B7430792B8A74BD00A82B3C /* Build configuration list for PBXProject "cafeConnect" */ = {
			isa = XCConfigurationList;
			buildConfigurations = (
				7B74308A2B8A74BF00A82B3C /* Debug */,
				7B74308B2B8A74BF00A82B3C /* Release */,
			);
			defaultConfigurationIsVisible = 0;
			defaultConfigurationName = Release;
		};
		7B74308C2B8A74BF00A82B3C /* Build configuration list for PBXNativeTarget "cafeConnect" */ = {
			isa = XCConfigurationList;
			buildConfigurations = (
				7B74308D2B8A74BF00A82B3C /* Debug */,
				7B74308E2B8A74BF00A82B3C /* Release */,
			);
			defaultConfigurationIsVisible = 0;
			defaultConfigurationName = Release;
		};
/* End XCConfigurationList section */
	};
	rootObject = 7B7430762B8A74BD00A82B3C /* Project object */;
}
